
Microsoft Visual Studio Solution File, Format Version 12.00
# Visual Studio Version 17
VisualStudioVersion = 17.4.33205.214
MinimumVisualStudioVersion = 10.0.40219.1
Project("{FAE04EC0-301F-11D3-BF4B-00C04F79EFBC}") = "DemoGenerator", "DemoGenerator\DemoGenerator.csproj", "{0CFBBC1F-B2AB-4ECB-80D6-6F20608EEFB0}"
EndProject
Project("{FAE04EC0-301F-11D3-BF4B-00C04F79EFBC}") = "DemoGenerator.Domain", "DemoGenerator.Domain\DemoGenerator.Domain.csproj", "{1082A43A-3161-4EBB-85C5-77EEAF58AFC0}"
EndProject
Global
	GlobalSection(SolutionConfigurationPlatforms) = preSolution
		Debug|Any CPU = Debug|Any CPU
		Release|Any CPU = Release|Any CPU
	EndGlobalSection
	GlobalSection(ProjectConfigurationPlatforms) = postSolution
		{0CFBBC1F-B2AB-4ECB-80D6-6F20608EEFB0}.Debug|Any CPU.ActiveCfg = Debug|Any CPU
		{0CFBBC1F-B2AB-4ECB-80D6-6F20608EEFB0}.Debug|Any CPU.Build.0 = Debug|Any CPU
		{0CFBBC1F-B2AB-4ECB-80D6-6F20608EEFB0}.Release|Any CPU.ActiveCfg = Release|Any CPU
		{0CFBBC1F-B2AB-4ECB-80D6-6F20608EEFB0}.Release|Any CPU.Build.0 = Release|Any CPU
		{1082A43A-3161-4EBB-85C5-77EEAF58AFC0}.Debug|Any CPU.ActiveCfg = Debug|Any CPU
		{1082A43A-3161-4EBB-85C5-77EEAF58AFC0}.Debug|Any CPU.Build.0 = Debug|Any CPU
		{1082A43A-3161-4EBB-85C5-77EEAF58AFC0}.Release|Any CPU.ActiveCfg = Release|Any CPU
		{1082A43A-3161-4EBB-85C5-77EEAF58AFC0}.Release|Any CPU.Build.0 = Release|Any CPU
	EndGlobalSection
	GlobalSection(SolutionProperties) = preSolution
		HideSolutionNode = FALSE
	EndGlobalSection
	GlobalSection(ExtensibilityGlobals) = postSolution
		SolutionGuid = {CE33786F-B267-42F9-9031-B01C3D4EC35D}
	EndGlobalSection
EndGlobal
